{
  "name": "clientio",
  "version": "1.0.0",
  "lockfileVersion": 3,
  "requires": true,
  "packages": {
    "": {
      "name": "clientio",
      "version": "1.0.0",
      "license": "ISC",
      "dependencies": {
        "@joint/core": "^4.0.4"
      }
    },
    "node_modules/@joint/core": {
      "version": "4.0.4",
      "resolved": "https://registry.npmjs.org/@joint/core/-/core-4.0.4.tgz",
      "integrity": "sha512-3DaOFo1qF1lE89gl2ouVh04WFbgcQpfMBzuK11S7CZpWlc6psKPAsIkE3JbaxiI0BPdtsbolJM1xiMCIUSfDyw=="
    }
  }
}
